<?xml version="1.0" encoding="utf-8"?>
<Project ToolsVersion="4.0" xmlns="http://schemas.microsoft.com/developer/msbuild/2003">
  <ItemGroup>
    <Filter Include="Quelldateien">
      <UniqueIdentifier>{4FC737F1-C7A5-4376-A066-2A32D752A2FF}</UniqueIdentifier>
      <Extensions>cpp;c;cc;cxx;c++;def;odl;idl;hpj;bat;asm;asmx</Extensions>
    </Filter>
    <Filter Include="Ressourcendateien">
      <UniqueIdentifier>{67DA6AB6-F800-4c08-8B7A-83BB121AAD01}</UniqueIdentifier>
      <Extensions>rc;ico;cur;bmp;dlg;rc2;rct;bin;rgs;gif;jpg;jpeg;jpe;resx;tiff;tif;png;wav;mfcribbon-ms</Extensions>
    </Filter>
    <Filter Include="Headerdateien">
      <UniqueIdentifier>{bc1e794c-cf81-485d-a829-91e5f7df3af4}</UniqueIdentifier>
    </Filter>
    <Filter Include="States">
      <UniqueIdentifier>{4974b9d6-7f63-4016-be97-9f6b1d5a780e}</UniqueIdentifier>
    </Filter>
    <Filter Include="Ressourcendateien\Fonts">
      <UniqueIdentifier>{09d5ea0f-5db4-49e8-be51-f47dd4efd763}</UniqueIdentifier>
    </Filter>
    <Filter Include="Entities">
      <UniqueIdentifier>{90cd4fc9-291e-42a7-9ab6-e245317695ed}</UniqueIdentifier>
    </Filter>
    <Filter Include="Ressourcendateien\Textures">
      <UniqueIdentifier>{4cf97bb1-c4ab-42ea-9279-cbb848e1477a}</UniqueIdentifier>
    </Filter>
    <Filter Include="Ressourcendateien\Textures\Pengu">
      <UniqueIdentifier>{e0067574-9146-4623-9f07-4af39279a153}</UniqueIdentifier>
    </Filter>
    <Filter Include="Ressourcendateien\Textures\Bombs">
      <UniqueIdentifier>{340a6ecc-7394-4e5c-b04a-6e63286bbe85}</UniqueIdentifier>
    </Filter>
    <Filter Include="Ressourcendateien\Textures\blocks">
      <UniqueIdentifier>{5213c741-3f72-4bd4-b24b-20075bc064e0}</UniqueIdentifier>
    </Filter>
  </ItemGroup>
  <ItemGroup>
    <ClCompile Include="AssetMan.cpp">
      <Filter>Quelldateien</Filter>
    </ClCompile>
    <ClCompile Include="Game.cpp">
      <Filter>Quelldateien</Filter>
    </ClCompile>
    <ClCompile Include="main.cpp">
      <Filter>Quelldateien</Filter>
    </ClCompile>
    <ClCompile Include="Menu.cpp">
      <Filter>Quelldateien</Filter>
    </ClCompile>
    <ClCompile Include="StateMan.cpp">
      <Filter>Quelldateien</Filter>
    </ClCompile>
    <ClCompile Include="GameState.cpp">
      <Filter>Quelldateien</Filter>
    </ClCompile>
    <ClCompile Include="Player.cpp">
      <Filter>Quelldateien</Filter>
    </ClCompile>
    <ClCompile Include="Pause.cpp">
      <Filter>Quelldateien</Filter>
    </ClCompile>
    <ClCompile Include="Bomb.cpp">
      <Filter>Quelldateien</Filter>
    </ClCompile>
    <ClCompile Include="Shock.cpp">
      <Filter>Quelldateien</Filter>
    </ClCompile>
  </ItemGroup>
  <ItemGroup>
    <ClInclude Include="AssetMan.hpp">
      <Filter>Headerdateien</Filter>
    </ClInclude>
    <ClInclude Include="Game.hpp">
      <Filter>Headerdateien</Filter>
    </ClInclude>
    <ClInclude Include="Helper.hpp">
      <Filter>Headerdateien</Filter>
    </ClInclude>
    <ClInclude Include="Menu.hpp">
      <Filter>States</Filter>
    </ClInclude>
    <ClInclude Include="State.hpp">
      <Filter>States</Filter>
    </ClInclude>
    <ClInclude Include="StateMan.hpp">
      <Filter>Headerdateien</Filter>
    </ClInclude>
    <ClInclude Include="GameState.h">
      <Filter>States</Filter>
    </ClInclude>
    <ClInclude Include="Entity.h">
      <Filter>Entities</Filter>
    </ClInclude>
    <ClInclude Include="Player.h">
      <Filter>Entities</Filter>
    </ClInclude>
    <ClInclude Include="Pause.hpp">
      <Filter>States</Filter>
    </ClInclude>
    <ClInclude Include="Bomb.h">
      <Filter>Entities</Filter>
    </ClInclude>
    <ClInclude Include="Shock.h">
      <Filter>Entities</Filter>
    </ClInclude>
  </ItemGroup>
  <ItemGroup>
    <Font Include="fonts\white_systemattic\White Systemattic.ttf">
      <Filter>Ressourcendateien\Fonts</Filter>
    </Font>
  </ItemGroup>
  <ItemGroup>
    <Image Include="textures\Penguin-images-2\Animations\penguin_jump01.png">
      <Filter>Ressourcendateien\Textures\Pengu</Filter>
    </Image>
    <Image Include="textures\Penguin-images-2\Animations\penguin_jump01%402x.png">
      <Filter>Ressourcendateien\Textures\Pengu</Filter>
    </Image>
    <Image Include="textures\Penguin-images-2\Animations\penguin_jump02.png">
      <Filter>Ressourcendateien\Textures\Pengu</Filter>
    </Image>
    <Image Include="textures\Penguin-images-2\Animations\penguin_jump02%402x.png">
      <Filter>Ressourcendateien\Textures\Pengu</Filter>
    </Image>
    <Image Include="textures\Penguin-images-2\Animations\penguin_jump03.png">
      <Filter>Ressourcendateien\Textures\Pengu</Filter>
    </Image>
    <Image Include="textures\Penguin-images-2\Animations\penguin_jump03%402x.png">
      <Filter>Ressourcendateien\Textures\Pengu</Filter>
    </Image>
    <Image Include="textures\Penguin-images-2\Animations\penguin_slide01.png">
      <Filter>Ressourcendateien\Textures\Pengu</Filter>
    </Image>
    <Image Include="textures\Penguin-images-2\Animations\penguin_slide01%402x.png">
      <Filter>Ressourcendateien\Textures\Pengu</Filter>
    </Image>
    <Image Include="textures\Penguin-images-2\Animations\penguin_slide02.png">
      <Filter>Ressourcendateien\Textures\Pengu</Filter>
    </Image>
    <Image Include="textures\Penguin-images-2\Animations\penguin_slide02%402x.png">
      <Filter>Ressourcendateien\Textures\Pengu</Filter>
    </Image>
    <Image Include="textures\Penguin-images-2\Animations\penguin_walk01.png">
      <Filter>Ressourcendateien\Textures\Pengu</Filter>
    </Image>
    <Image Include="textures\Penguin-images-2\Animations\penguin_walk01%402x.png">
      <Filter>Ressourcendateien\Textures\Pengu</Filter>
    </Image>
    <Image Include="textures\Penguin-images-2\Animations\penguin_walk02.png">
      <Filter>Ressourcendateien\Textures\Pengu</Filter>
    </Image>
    <Image Include="textures\Penguin-images-2\Animations\penguin_walk02%402x.png">
      <Filter>Ressourcendateien\Textures\Pengu</Filter>
    </Image>
    <Image Include="textures\Penguin-images-2\Animations\penguin_walk03.png">
      <Filter>Ressourcendateien\Textures\Pengu</Filter>
    </Image>
    <Image Include="textures\Penguin-images-2\Animations\penguin_walk03%402x.png">
      <Filter>Ressourcendateien\Textures\Pengu</Filter>
    </Image>
    <Image Include="textures\Penguin-images-2\Animations\penguin_walk04.png">
      <Filter>Ressourcendateien\Textures\Pengu</Filter>
    </Image>
    <Image Include="textures\Penguin-images-2\Animations\penguin_walk04%402x.png">
      <Filter>Ressourcendateien\Textures\Pengu</Filter>
    </Image>
    <Image Include="textures\Penguin-images-2\Animations\penguin_die01.png">
      <Filter>Ressourcendateien\Textures\Pengu</Filter>
    </Image>
    <Image Include="textures\Penguin-images-2\Animations\penguin_die01%402x.png">
      <Filter>Ressourcendateien\Textures\Pengu</Filter>
    </Image>
    <Image Include="textures\Penguin-images-2\Animations\penguin_die02.png">
      <Filter>Ressourcendateien\Textures\Pengu</Filter>
    </Image>
    <Image Include="textures\Penguin-images-2\Animations\penguin_die02%402x.png">
      <Filter>Ressourcendateien\Textures\Pengu</Filter>
    </Image>
    <Image Include="textures\Penguin-images-2\Animations\penguin_die03.png">
      <Filter>Ressourcendateien\Textures\Pengu</Filter>
    </Image>
    <Image Include="textures\Penguin-images-2\Animations\penguin_die03%402x.png">
      <Filter>Ressourcendateien\Textures\Pengu</Filter>
    </Image>
    <Image Include="textures\Penguin-images-2\Animations\penguin_die04.png">
      <Filter>Ressourcendateien\Textures\Pengu</Filter>
    </Image>
    <Image Include="textures\Penguin-images-2\Animations\penguin_die04%402x.png">
      <Filter>Ressourcendateien\Textures\Pengu</Filter>
    </Image>
    <Image Include="textures\Penguin-images-2\Animations\penguin_hurt.png">
      <Filter>Ressourcendateien\Textures\Pengu</Filter>
    </Image>
    <Image Include="textures\Penguin-images-2\Animations\penguin_hurt%402x.png">
      <Filter>Ressourcendateien\Textures\Pengu</Filter>
    </Image>
    <Image Include="textures\Penguin-images-2\Animations\penguin_walk07.png">
      <Filter>Ressourcendateien\Textures\Pengu</Filter>
    </Image>
    <Image Include="textures\Penguin-images-2\Animations\penguin_walk08.png">
      <Filter>Ressourcendateien\Textures\Pengu</Filter>
    </Image>
    <Image Include="textures\Penguin-images-2\Animations\penguin_walk05.png">
      <Filter>Ressourcendateien\Textures\Pengu</Filter>
    </Image>
    <Image Include="textures\Penguin-images-2\Animations\penguin_walk06.png">
      <Filter>Ressourcendateien\Textures\Pengu</Filter>
    </Image>
    <Image Include="textures\bombs\bomb22.png">
      <Filter>Ressourcendateien\Textures\Bombs</Filter>
    </Image>
    <Image Include="textures\bombs\bomb23.png">
      <Filter>Ressourcendateien\Textures\Bombs</Filter>
    </Image>
    <Image Include="textures\bombs\bomb24.png">
      <Filter>Ressourcendateien\Textures\Bombs</Filter>
    </Image>
    <Image Include="textures\bombs\bomb31.png">
      <Filter>Ressourcendateien\Textures\Bombs</Filter>
    </Image>
    <Image Include="textures\bombs\bomb32.png">
      <Filter>Ressourcendateien\Textures\Bombs</Filter>
    </Image>
    <Image Include="textures\bombs\bomb33.png">
      <Filter>Ressourcendateien\Textures\Bombs</Filter>
    </Image>
    <Image Include="textures\bombs\bomb34.png">
      <Filter>Ressourcendateien\Textures\Bombs</Filter>
    </Image>
    <Image Include="textures\bombs\bomb11.png">
      <Filter>Ressourcendateien\Textures\Bombs</Filter>
    </Image>
    <Image Include="textures\bombs\bomb12.png">
      <Filter>Ressourcendateien\Textures\Bombs</Filter>
    </Image>
    <Image Include="textures\bombs\bomb13.png">
      <Filter>Ressourcendateien\Textures\Bombs</Filter>
    </Image>
    <Image Include="textures\bombs\bomb14.png">
      <Filter>Ressourcendateien\Textures\Bombs</Filter>
    </Image>
    <Image Include="textures\bombs\bomb21.png">
      <Filter>Ressourcendateien\Textures\Bombs</Filter>
    </Image>
    <Image Include="textures\blocks\block1.png">
      <Filter>Ressourcendateien\Textures\blocks</Filter>
    </Image>
  </ItemGroup>
</Project>