
Microsoft Visual Studio Solution File, Format Version 12.00
# Visual Studio Version 16
VisualStudioVersion = 16.0.30225.117
MinimumVisualStudioVersion = 10.0.40219.1
Project("{8BC9CEB8-8B4A-11D0-8D11-00A0C91BC942}") = "Game", "Game\Game.vcxproj", "{122988C3-554F-4E7D-98BB-6935AFF5C0AE}"
EndProject
Global
	GlobalSection(SolutionConfigurationPlatforms) = preSolution
		Debug|x64 = Debug|x64
		Debug|x86 = Debug|x86
		Release|x64 = Release|x64
		Release|x86 = Release|x86
	EndGlobalSection
	GlobalSection(ProjectConfigurationPlatforms) = postSolution
		{122988C3-554F-4E7D-98BB-6935AFF5C0AE}.Debug|x64.ActiveCfg = Debug|x64
		{122988C3-554F-4E7D-98BB-6935AFF5C0AE}.Debug|x64.Build.0 = Debug|x64
		{122988C3-554F-4E7D-98BB-6935AFF5C0AE}.Debug|x86.ActiveCfg = Debug|Win32
		{122988C3-554F-4E7D-98BB-6935AFF5C0AE}.Debug|x86.Build.0 = Debug|Win32
		{122988C3-554F-4E7D-98BB-6935AFF5C0AE}.Release|x64.ActiveCfg = Release|x64
		{122988C3-554F-4E7D-98BB-6935AFF5C0AE}.Release|x64.Build.0 = Release|x64
		{122988C3-554F-4E7D-98BB-6935AFF5C0AE}.Release|x86.ActiveCfg = Release|Win32
		{122988C3-554F-4E7D-98BB-6935AFF5C0AE}.Release|x86.Build.0 = Release|Win32
	EndGlobalSection
	GlobalSection(SolutionProperties) = preSolution
		HideSolutionNode = FALSE
	EndGlobalSection
	GlobalSection(ExtensibilityGlobals) = postSolution
		SolutionGuid = {711B639E-CAA4-4D3E-9979-78615ACFC545}
	EndGlobalSection
EndGlobal
